
Microsoft Visual Studio Solution File, Format Version 12.00
# Visual Studio Version 16
VisualStudioVersion = 16.0.30028.174
MinimumVisualStudioVersion = 10.0.40219.1
Project("{9A19103F-16F7-4668-BE54-9A1E7A4F7556}") = "TestConsole", "TestConsole\TestConsole.csproj", "{2CC2174B-EC19-46EF-A7E3-4433E354EAB2}"
EndProject
Project("{2150E333-8FDC-42A3-9474-1A3956D46DE8}") = "TestApps", "TestApps", "{350220BD-D3A4-4ED4-BB79-A75BB1C33537}"
EndProject
Project("{9A19103F-16F7-4668-BE54-9A1E7A4F7556}") = "StaticMemoryLeaks", "StaticMemoryLeaks\StaticMemoryLeaks.csproj", "{4DCCBE2B-A4FB-43B1-A0DE-CBC88EE8361B}"
EndProject
Project("{9A19103F-16F7-4668-BE54-9A1E7A4F7556}") = "TestAllocation", "TestAllocation\TestAllocation.csproj", "{230D3F01-0E73-4DA1-8EB3-6A01FAC7E1FA}"
EndProject
Project("{9A19103F-16F7-4668-BE54-9A1E7A4F7556}") = "TestExceptions", "TestExceptions\TestExceptions.csproj", "{04EB49A9-284F-4978-B3FB-EC1F90AC22E4}"
EndProject
Project("{9A19103F-16F7-4668-BE54-9A1E7A4F7556}") = "TestWebApp", "TestWebApp\TestWebApp.csproj", "{E20C15F7-F731-4474-82E1-1EDA29AE2AA3}"
EndProject
Project("{9A19103F-16F7-4668-BE54-9A1E7A4F7556}") = "StressTestWebApp", "StressTestWebApp\StressTestWebApp.csproj", "{70AADF90-6DF6-49A0-B148-6097E93789FB}"
EndProject
Project("{9A19103F-16F7-4668-BE54-9A1E7A4F7556}") = "CustomEventSource", "CustomEventSource\CustomEventSource.csproj", "{1AAA7C20-0337-430C-B131-0856D4EBE119}"
EndProject
Project("{9A19103F-16F7-4668-BE54-9A1E7A4F7556}") = "ClrDiagnostics", "ClrDiagnostics\ClrDiagnostics.csproj", "{E3096E2F-7FC9-4476-A47D-3A290BBB5A9B}"
EndProject
Global
	GlobalSection(SolutionConfigurationPlatforms) = preSolution
		Debug|Any CPU = Debug|Any CPU
		Release|Any CPU = Release|Any CPU
	EndGlobalSection
	GlobalSection(ProjectConfigurationPlatforms) = postSolution
		{2CC2174B-EC19-46EF-A7E3-4433E354EAB2}.Debug|Any CPU.ActiveCfg = Debug|Any CPU
		{2CC2174B-EC19-46EF-A7E3-4433E354EAB2}.Debug|Any CPU.Build.0 = Debug|Any CPU
		{2CC2174B-EC19-46EF-A7E3-4433E354EAB2}.Release|Any CPU.ActiveCfg = Release|Any CPU
		{2CC2174B-EC19-46EF-A7E3-4433E354EAB2}.Release|Any CPU.Build.0 = Release|Any CPU
		{4DCCBE2B-A4FB-43B1-A0DE-CBC88EE8361B}.Debug|Any CPU.ActiveCfg = Debug|Any CPU
		{4DCCBE2B-A4FB-43B1-A0DE-CBC88EE8361B}.Debug|Any CPU.Build.0 = Debug|Any CPU
		{4DCCBE2B-A4FB-43B1-A0DE-CBC88EE8361B}.Release|Any CPU.ActiveCfg = Release|Any CPU
		{4DCCBE2B-A4FB-43B1-A0DE-CBC88EE8361B}.Release|Any CPU.Build.0 = Release|Any CPU
		{230D3F01-0E73-4DA1-8EB3-6A01FAC7E1FA}.Debug|Any CPU.ActiveCfg = Debug|Any CPU
		{230D3F01-0E73-4DA1-8EB3-6A01FAC7E1FA}.Debug|Any CPU.Build.0 = Debug|Any CPU
		{230D3F01-0E73-4DA1-8EB3-6A01FAC7E1FA}.Release|Any CPU.ActiveCfg = Release|Any CPU
		{230D3F01-0E73-4DA1-8EB3-6A01FAC7E1FA}.Release|Any CPU.Build.0 = Release|Any CPU
		{04EB49A9-284F-4978-B3FB-EC1F90AC22E4}.Debug|Any CPU.ActiveCfg = Debug|Any CPU
		{04EB49A9-284F-4978-B3FB-EC1F90AC22E4}.Debug|Any CPU.Build.0 = Debug|Any CPU
		{04EB49A9-284F-4978-B3FB-EC1F90AC22E4}.Release|Any CPU.ActiveCfg = Release|Any CPU
		{04EB49A9-284F-4978-B3FB-EC1F90AC22E4}.Release|Any CPU.Build.0 = Release|Any CPU
		{E20C15F7-F731-4474-82E1-1EDA29AE2AA3}.Debug|Any CPU.ActiveCfg = Debug|Any CPU
		{E20C15F7-F731-4474-82E1-1EDA29AE2AA3}.Debug|Any CPU.Build.0 = Debug|Any CPU
		{E20C15F7-F731-4474-82E1-1EDA29AE2AA3}.Release|Any CPU.ActiveCfg = Release|Any CPU
		{E20C15F7-F731-4474-82E1-1EDA29AE2AA3}.Release|Any CPU.Build.0 = Release|Any CPU
		{70AADF90-6DF6-49A0-B148-6097E93789FB}.Debug|Any CPU.ActiveCfg = Debug|Any CPU
		{70AADF90-6DF6-49A0-B148-6097E93789FB}.Debug|Any CPU.Build.0 = Debug|Any CPU
		{70AADF90-6DF6-49A0-B148-6097E93789FB}.Release|Any CPU.ActiveCfg = Release|Any CPU
		{70AADF90-6DF6-49A0-B148-6097E93789FB}.Release|Any CPU.Build.0 = Release|Any CPU
		{1AAA7C20-0337-430C-B131-0856D4EBE119}.Debug|Any CPU.ActiveCfg = Debug|Any CPU
		{1AAA7C20-0337-430C-B131-0856D4EBE119}.Debug|Any CPU.Build.0 = Debug|Any CPU
		{1AAA7C20-0337-430C-B131-0856D4EBE119}.Release|Any CPU.ActiveCfg = Release|Any CPU
		{1AAA7C20-0337-430C-B131-0856D4EBE119}.Release|Any CPU.Build.0 = Release|Any CPU
		{E3096E2F-7FC9-4476-A47D-3A290BBB5A9B}.Debug|Any CPU.ActiveCfg = Debug|Any CPU
		{E3096E2F-7FC9-4476-A47D-3A290BBB5A9B}.Debug|Any CPU.Build.0 = Debug|Any CPU
		{E3096E2F-7FC9-4476-A47D-3A290BBB5A9B}.Release|Any CPU.ActiveCfg = Release|Any CPU
		{E3096E2F-7FC9-4476-A47D-3A290BBB5A9B}.Release|Any CPU.Build.0 = Release|Any CPU
	EndGlobalSection
	GlobalSection(SolutionProperties) = preSolution
		HideSolutionNode = FALSE
	EndGlobalSection
	GlobalSection(NestedProjects) = preSolution
		{4DCCBE2B-A4FB-43B1-A0DE-CBC88EE8361B} = {350220BD-D3A4-4ED4-BB79-A75BB1C33537}
		{230D3F01-0E73-4DA1-8EB3-6A01FAC7E1FA} = {350220BD-D3A4-4ED4-BB79-A75BB1C33537}
		{04EB49A9-284F-4978-B3FB-EC1F90AC22E4} = {350220BD-D3A4-4ED4-BB79-A75BB1C33537}
	EndGlobalSection
	GlobalSection(ExtensibilityGlobals) = postSolution
		SolutionGuid = {4E464F9B-0796-4380-9D20-3C55C01CB5DA}
	EndGlobalSection
EndGlobal
