
Microsoft Visual Studio Solution File, Format Version 12.00
# Visual Studio Version 17
VisualStudioVersion = 17.3.32505.426
MinimumVisualStudioVersion = 10.0.40219.1
Project("{9A19103F-16F7-4668-BE54-9A1E7A4F7556}") = "TestConsole", "TestConsole\TestConsole.csproj", "{2CC2174B-EC19-46EF-A7E3-4433E354EAB2}"
EndProject
Project("{9A19103F-16F7-4668-BE54-9A1E7A4F7556}") = "TestWebApp", "TestWebApp\TestWebApp.csproj", "{E20C15F7-F731-4474-82E1-1EDA29AE2AA3}"
	ProjectSection(ProjectDependencies) = postProject
		{DFDA117B-0AE0-4085-A6BC-12999887829F} = {DFDA117B-0AE0-4085-A6BC-12999887829F}
	EndProjectSection
EndProject
Project("{9A19103F-16F7-4668-BE54-9A1E7A4F7556}") = "StressTestWebApp", "StressTestWebApp\StressTestWebApp.csproj", "{70AADF90-6DF6-49A0-B148-6097E93789FB}"
EndProject
Project("{9A19103F-16F7-4668-BE54-9A1E7A4F7556}") = "CustomEventSource", "CustomEventSource\CustomEventSource.csproj", "{1AAA7C20-0337-430C-B131-0856D4EBE119}"
EndProject
Project("{9A19103F-16F7-4668-BE54-9A1E7A4F7556}") = "ClrDiagnostics", "ClrDiagnostics\ClrDiagnostics.csproj", "{E3096E2F-7FC9-4476-A47D-3A290BBB5A9B}"
EndProject
Project("{9A19103F-16F7-4668-BE54-9A1E7A4F7556}") = "DiagnosticWPF", "DiagnosticWPF\DiagnosticWPF.csproj", "{AF7E328B-A57F-41D6-AAC8-175ADF7A8E18}"
EndProject
Project("{9A19103F-16F7-4668-BE54-9A1E7A4F7556}") = "Fusion", "Fusion\Fusion.csproj", "{B7A96992-7CE0-4783-AC2A-EC1495EB0154}"
	ProjectSection(ProjectDependencies) = postProject
		{6575DE4E-E11B-4067-B34E-CA0AC1B29750} = {6575DE4E-E11B-4067-B34E-CA0AC1B29750}
	EndProjectSection
EndProject
Project("{2150E333-8FDC-42A3-9474-1A3956D46DE8}") = "DiagServer", "DiagServer", "{64B88FFD-D9CF-47B6-9D66-FB6CE13366D4}"
	ProjectSection(SolutionItems) = preProject
		Microsoft.Diagnostics.NETCore.Client.md = Microsoft.Diagnostics.NETCore.Client.md
	EndProjectSection
EndProject
Project("{9A19103F-16F7-4668-BE54-9A1E7A4F7556}") = "Microsoft.Diagnostics.NETCore.Client", "Microsoft.Diagnostics.NETCore.Client\Microsoft.Diagnostics.NETCore.Client.csproj", "{BCDD0C02-57D7-46FB-8022-06450432D58C}"
EndProject
Project("{9A19103F-16F7-4668-BE54-9A1E7A4F7556}") = "FusionDebuggee", "FusionDebuggee\FusionDebuggee.csproj", "{6575DE4E-E11B-4067-B34E-CA0AC1B29750}"
EndProject
Project("{9A19103F-16F7-4668-BE54-9A1E7A4F7556}") = "TestWebAddon", "TestWebAddon\TestWebAddon.csproj", "{DFDA117B-0AE0-4085-A6BC-12999887829F}"
EndProject
Project("{9A19103F-16F7-4668-BE54-9A1E7A4F7556}") = "TestWebAddonContract", "TestWebAddonContract\TestWebAddonContract.csproj", "{7AAD52DC-188B-477C-AF24-2C788C648220}"
EndProject
Project("{9A19103F-16F7-4668-BE54-9A1E7A4F7556}") = "DiagnosticServer", "DiagnosticServer\DiagnosticServer.csproj", "{BFAB0CF9-4D8C-45E7-AC23-ABC3DB0054EB}"
EndProject
Project("{9A19103F-16F7-4668-BE54-9A1E7A4F7556}") = "DiagnosticModels", "DiagnosticModels\DiagnosticModels.csproj", "{2A493AC4-0683-408D-A5E6-C880816343E5}"
EndProject
Project("{FAE04EC0-301F-11D3-BF4B-00C04F79EFBC}") = "DiagnosticInvestigations", "DiagnosticInvestigations\DiagnosticInvestigations.csproj", "{DAD67A33-DFE0-4968-9C07-3B203717442E}"
EndProject
Global
	GlobalSection(SolutionConfigurationPlatforms) = preSolution
		Debug|Any CPU = Debug|Any CPU
		Release|Any CPU = Release|Any CPU
	EndGlobalSection
	GlobalSection(ProjectConfigurationPlatforms) = postSolution
		{2CC2174B-EC19-46EF-A7E3-4433E354EAB2}.Debug|Any CPU.ActiveCfg = Debug|Any CPU
		{2CC2174B-EC19-46EF-A7E3-4433E354EAB2}.Debug|Any CPU.Build.0 = Debug|Any CPU
		{2CC2174B-EC19-46EF-A7E3-4433E354EAB2}.Release|Any CPU.ActiveCfg = Release|Any CPU
		{2CC2174B-EC19-46EF-A7E3-4433E354EAB2}.Release|Any CPU.Build.0 = Release|Any CPU
		{E20C15F7-F731-4474-82E1-1EDA29AE2AA3}.Debug|Any CPU.ActiveCfg = Debug|Any CPU
		{E20C15F7-F731-4474-82E1-1EDA29AE2AA3}.Debug|Any CPU.Build.0 = Debug|Any CPU
		{E20C15F7-F731-4474-82E1-1EDA29AE2AA3}.Release|Any CPU.ActiveCfg = Release|Any CPU
		{E20C15F7-F731-4474-82E1-1EDA29AE2AA3}.Release|Any CPU.Build.0 = Release|Any CPU
		{70AADF90-6DF6-49A0-B148-6097E93789FB}.Debug|Any CPU.ActiveCfg = Debug|Any CPU
		{70AADF90-6DF6-49A0-B148-6097E93789FB}.Debug|Any CPU.Build.0 = Debug|Any CPU
		{70AADF90-6DF6-49A0-B148-6097E93789FB}.Release|Any CPU.ActiveCfg = Release|Any CPU
		{70AADF90-6DF6-49A0-B148-6097E93789FB}.Release|Any CPU.Build.0 = Release|Any CPU
		{1AAA7C20-0337-430C-B131-0856D4EBE119}.Debug|Any CPU.ActiveCfg = Debug|Any CPU
		{1AAA7C20-0337-430C-B131-0856D4EBE119}.Debug|Any CPU.Build.0 = Debug|Any CPU
		{1AAA7C20-0337-430C-B131-0856D4EBE119}.Release|Any CPU.ActiveCfg = Release|Any CPU
		{1AAA7C20-0337-430C-B131-0856D4EBE119}.Release|Any CPU.Build.0 = Release|Any CPU
		{E3096E2F-7FC9-4476-A47D-3A290BBB5A9B}.Debug|Any CPU.ActiveCfg = Debug|Any CPU
		{E3096E2F-7FC9-4476-A47D-3A290BBB5A9B}.Debug|Any CPU.Build.0 = Debug|Any CPU
		{E3096E2F-7FC9-4476-A47D-3A290BBB5A9B}.Release|Any CPU.ActiveCfg = Release|Any CPU
		{E3096E2F-7FC9-4476-A47D-3A290BBB5A9B}.Release|Any CPU.Build.0 = Release|Any CPU
		{AF7E328B-A57F-41D6-AAC8-175ADF7A8E18}.Debug|Any CPU.ActiveCfg = Debug|Any CPU
		{AF7E328B-A57F-41D6-AAC8-175ADF7A8E18}.Debug|Any CPU.Build.0 = Debug|Any CPU
		{AF7E328B-A57F-41D6-AAC8-175ADF7A8E18}.Release|Any CPU.ActiveCfg = Release|Any CPU
		{AF7E328B-A57F-41D6-AAC8-175ADF7A8E18}.Release|Any CPU.Build.0 = Release|Any CPU
		{B7A96992-7CE0-4783-AC2A-EC1495EB0154}.Debug|Any CPU.ActiveCfg = Debug|Any CPU
		{B7A96992-7CE0-4783-AC2A-EC1495EB0154}.Debug|Any CPU.Build.0 = Debug|Any CPU
		{B7A96992-7CE0-4783-AC2A-EC1495EB0154}.Release|Any CPU.ActiveCfg = Release|Any CPU
		{B7A96992-7CE0-4783-AC2A-EC1495EB0154}.Release|Any CPU.Build.0 = Release|Any CPU
		{BCDD0C02-57D7-46FB-8022-06450432D58C}.Debug|Any CPU.ActiveCfg = Debug|Any CPU
		{BCDD0C02-57D7-46FB-8022-06450432D58C}.Debug|Any CPU.Build.0 = Debug|Any CPU
		{BCDD0C02-57D7-46FB-8022-06450432D58C}.Release|Any CPU.ActiveCfg = Release|Any CPU
		{BCDD0C02-57D7-46FB-8022-06450432D58C}.Release|Any CPU.Build.0 = Release|Any CPU
		{6575DE4E-E11B-4067-B34E-CA0AC1B29750}.Debug|Any CPU.ActiveCfg = Debug|Any CPU
		{6575DE4E-E11B-4067-B34E-CA0AC1B29750}.Debug|Any CPU.Build.0 = Debug|Any CPU
		{6575DE4E-E11B-4067-B34E-CA0AC1B29750}.Release|Any CPU.ActiveCfg = Release|Any CPU
		{6575DE4E-E11B-4067-B34E-CA0AC1B29750}.Release|Any CPU.Build.0 = Release|Any CPU
		{DFDA117B-0AE0-4085-A6BC-12999887829F}.Debug|Any CPU.ActiveCfg = Debug|Any CPU
		{DFDA117B-0AE0-4085-A6BC-12999887829F}.Debug|Any CPU.Build.0 = Debug|Any CPU
		{DFDA117B-0AE0-4085-A6BC-12999887829F}.Release|Any CPU.ActiveCfg = Release|Any CPU
		{DFDA117B-0AE0-4085-A6BC-12999887829F}.Release|Any CPU.Build.0 = Release|Any CPU
		{7AAD52DC-188B-477C-AF24-2C788C648220}.Debug|Any CPU.ActiveCfg = Debug|Any CPU
		{7AAD52DC-188B-477C-AF24-2C788C648220}.Debug|Any CPU.Build.0 = Debug|Any CPU
		{7AAD52DC-188B-477C-AF24-2C788C648220}.Release|Any CPU.ActiveCfg = Release|Any CPU
		{7AAD52DC-188B-477C-AF24-2C788C648220}.Release|Any CPU.Build.0 = Release|Any CPU
		{BFAB0CF9-4D8C-45E7-AC23-ABC3DB0054EB}.Debug|Any CPU.ActiveCfg = Debug|Any CPU
		{BFAB0CF9-4D8C-45E7-AC23-ABC3DB0054EB}.Debug|Any CPU.Build.0 = Debug|Any CPU
		{BFAB0CF9-4D8C-45E7-AC23-ABC3DB0054EB}.Release|Any CPU.ActiveCfg = Release|Any CPU
		{BFAB0CF9-4D8C-45E7-AC23-ABC3DB0054EB}.Release|Any CPU.Build.0 = Release|Any CPU
		{2A493AC4-0683-408D-A5E6-C880816343E5}.Debug|Any CPU.ActiveCfg = Debug|Any CPU
		{2A493AC4-0683-408D-A5E6-C880816343E5}.Debug|Any CPU.Build.0 = Debug|Any CPU
		{2A493AC4-0683-408D-A5E6-C880816343E5}.Release|Any CPU.ActiveCfg = Release|Any CPU
		{2A493AC4-0683-408D-A5E6-C880816343E5}.Release|Any CPU.Build.0 = Release|Any CPU
		{DAD67A33-DFE0-4968-9C07-3B203717442E}.Debug|Any CPU.ActiveCfg = Debug|Any CPU
		{DAD67A33-DFE0-4968-9C07-3B203717442E}.Debug|Any CPU.Build.0 = Debug|Any CPU
		{DAD67A33-DFE0-4968-9C07-3B203717442E}.Release|Any CPU.ActiveCfg = Release|Any CPU
		{DAD67A33-DFE0-4968-9C07-3B203717442E}.Release|Any CPU.Build.0 = Release|Any CPU
	EndGlobalSection
	GlobalSection(SolutionProperties) = preSolution
		HideSolutionNode = FALSE
	EndGlobalSection
	GlobalSection(NestedProjects) = preSolution
		{BCDD0C02-57D7-46FB-8022-06450432D58C} = {64B88FFD-D9CF-47B6-9D66-FB6CE13366D4}
	EndGlobalSection
	GlobalSection(ExtensibilityGlobals) = postSolution
		SolutionGuid = {4E464F9B-0796-4380-9D20-3C55C01CB5DA}
	EndGlobalSection
EndGlobal
